lockfileVersion: '9.0'

settings:
  autoInstallPeers: true
  excludeLinksFromLockfile: false

importers:

  .:
    dependencies:
      '@actions/core':
        specifier: ^1.11.1
        version: 1.11.1
      '@actions/github':
        specifier: ^6.0.1
        version: 6.0.1
      '@octokit/core':
        specifier: ^7.0.6
        version: 7.0.6
      '@samkirkland/ftp-deploy':
        specifier: ^1.2.5
        version: 1.2.5
      dotenv:
        specifier: ^17.2.3
        version: 17.2.3
    devDependencies:
      '@mznjs/mbump':
        specifier: ^1.0.6
        version: 1.0.6
      '@types/node':
        specifier: ^20.0.0
        version: 20.19.25
      '@vercel/ncc':
        specifier: ^0.38.4
        version: 0.38.4
      typescript:
        specifier: ^5.0.0
        version: 5.9.3

packages:

  '@actions/core@1.11.1':
    resolution: {integrity: sha512-hXJCSrkwfA46Vd9Z3q4cpEpHB1rL5NG04+/rbqW9d3+CSvtB1tYe8UTpAlixa1vj0m/ULglfEK2UKxMGxCxv5A==}

  '@actions/exec@1.1.1':
    resolution: {integrity: sha512-+sCcHHbVdk93a0XT19ECtO/gIXoxvdsgQLzb2fE2/5sIZmWQuluYyjPQtrtTHdU1YzTZ7bAPN4sITq2xi1679w==}

  '@actions/github@6.0.1':
    resolution: {integrity: sha512-xbZVcaqD4XnQAe35qSQqskb3SqIAfRyLBrHMd/8TuL7hJSz2QtbDwnNM8zWx4zO5l2fnGtseNE3MbEvD7BxVMw==}

  '@actions/http-client@2.2.3':
    resolution: {integrity: sha512-mx8hyJi/hjFvbPokCg4uRd4ZX78t+YyRPtnKWwIl+RzNaVuFpQHfmlGVfsKEJN8LwTCvL+DfVgAM04XaHkm6bA==}

  '@actions/io@1.1.3':
    resolution: {integrity: sha512-wi9JjgKLYS7U/z8PPbco+PvTb/nRWjeoFlJ1Qer83k/3C5PHQi28hiVdeE2kHXmIL99mQFawx8qt/JPjZilJ8Q==}

  '@esconf/core@0.5.1':
    resolution: {integrity: sha512-JHuC37LAkUSsluJ408KrcLN5UcVSqMKnrqYe6bwFpToBdzuYZ0tNL3UaY+l+Y+oFtmX6MWyU4A2xm6rRW2On4Q==}
    engines: {node: '>=18'}

  '@esconf/preset-mini@0.5.1':
    resolution: {integrity: sha512-QtCdXY2oM02CmjbYHFBKPhNfP6PYO4AQbL/BCJIA45wXSaW1+Ptn7D4Y2Agq40huppncNk+lWQynex2uTGpwbQ==}
    engines: {node: '>=18'}

  '@fastify/busboy@2.1.1':
    resolution: {integrity: sha512-vBZP4NlzfOlerQTnba4aqZoMhE/a9HY7HRqoOPaETQcSQuWEIyZMHGfVu6w9wGtGK5fED5qRs2DteVCjOH60sA==}
    engines: {node: '>=14'}

  '@jsdevtools/file-path-filter@3.0.2':
    resolution: {integrity: sha512-+SbZG6stIE/nRF2PpRnubtuzhh4pouDsk/hEWwM5mKsSKlFfr4ziAE5VMogGG/K++i9NHbUTxxW0y4vdM678ew==}
    engines: {node: '>=10'}

  '@jsdevtools/readdir-enhanced@6.0.4':
    resolution: {integrity: sha512-I6D6Omu6C7XWHzvlVbXeCS0FSxYYQ13XzdrFuo1K30unnRSpdt9AxY2KyJZbYJyfI2uNNidqDkG9/K/y699AjA==}
    engines: {node: '>=10'}

  '@mznjs/mbump@1.0.6':
    resolution: {integrity: sha512-9I/jXIUUlUMdtmOqB2GsBbRVKtQ0GQYHtRNFMYNIw4NFoRn1oKEroyfW//qEZfUJTH427E6XBDfFPJ5yd9NBXQ==}
    engines: {node: '>=18'}
    hasBin: true

  '@octokit/auth-token@4.0.0':
    resolution: {integrity: sha512-tY/msAuJo6ARbK6SPIxZrPBms3xPbfwBrulZe0Wtr/DIY9lje2HeV1uoebShn6mx7SjCHif6EjMvoREj+gZ+SA==}
    engines: {node: '>= 18'}

  '@octokit/auth-token@6.0.0':
    resolution: {integrity: sha512-P4YJBPdPSpWTQ1NU4XYdvHvXJJDxM6YwpS0FZHRgP7YFkdVxsWcpWGy/NVqlAA7PcPCnMacXlRm1y2PFZRWL/w==}
    engines: {node: '>= 20'}

  '@octokit/core@5.2.2':
    resolution: {integrity: sha512-/g2d4sW9nUDJOMz3mabVQvOGhVa4e/BN/Um7yca9Bb2XTzPPnfTWHWQg+IsEYO7M3Vx+EXvaM/I2pJWIMun1bg==}
    engines: {node: '>= 18'}

  '@octokit/core@7.0.6':
    resolution: {integrity: sha512-DhGl4xMVFGVIyMwswXeyzdL4uXD5OGILGX5N8Y+f6W7LhC1Ze2poSNrkF/fedpVDHEEZ+PHFW0vL14I+mm8K3Q==}
    engines: {node: '>= 20'}

  '@octokit/endpoint@11.0.2':
    resolution: {integrity: sha512-4zCpzP1fWc7QlqunZ5bSEjxc6yLAlRTnDwKtgXfcI/FxxGoqedDG8V2+xJ60bV2kODqcGB+nATdtap/XYq2NZQ==}
    engines: {node: '>= 20'}

  '@octokit/endpoint@9.0.6':
    resolution: {integrity: sha512-H1fNTMA57HbkFESSt3Y9+FBICv+0jFceJFPWDePYlR/iMGrwM5ph+Dd4XRQs+8X+PUFURLQgX9ChPfhJ/1uNQw==}
    engines: {node: '>= 18'}

  '@octokit/graphql@7.1.1':
    resolution: {integrity: sha512-3mkDltSfcDUoa176nlGoA32RGjeWjl3K7F/BwHwRMJUW/IteSa4bnSV8p2ThNkcIcZU2umkZWxwETSSCJf2Q7g==}
    engines: {node: '>= 18'}

  '@octokit/graphql@9.0.3':
    resolution: {integrity: sha512-grAEuupr/C1rALFnXTv6ZQhFuL1D8G5y8CN04RgrO4FIPMrtm+mcZzFG7dcBm+nq+1ppNixu+Jd78aeJOYxlGA==}
    engines: {node: '>= 20'}

  '@octokit/openapi-types@20.0.0':
    resolution: {integrity: sha512-EtqRBEjp1dL/15V7WiX5LJMIxxkdiGJnabzYx5Apx4FkQIFgAfKumXeYAqqJCj1s+BMX4cPFIFC4OLCR6stlnA==}

  '@octokit/openapi-types@24.2.0':
    resolution: {integrity: sha512-9sIH3nSUttelJSXUrmGzl7QUBFul0/mB8HRYl3fOlgHbIWG+WnYDXU3v/2zMtAvuzZ/ed00Ei6on975FhBfzrg==}

  '@octokit/openapi-types@27.0.0':
    resolution: {integrity: sha512-whrdktVs1h6gtR+09+QsNk2+FO+49j6ga1c55YZudfEG+oKJVvJLQi3zkOm5JjiUXAagWK2tI2kTGKJ2Ys7MGA==}

  '@octokit/plugin-paginate-rest@9.2.2':
    resolution: {integrity: sha512-u3KYkGF7GcZnSD/3UP0S7K5XUFT2FkOQdcfXZGZQPGv3lm4F2Xbf71lvjldr8c1H3nNbF+33cLEkWYbokGWqiQ==}
    engines: {node: '>= 18'}
    peerDependencies:
      '@octokit/core': '5'

  '@octokit/plugin-rest-endpoint-methods@10.4.1':
    resolution: {integrity: sha512-xV1b+ceKV9KytQe3zCVqjg+8GTGfDYwaT1ATU5isiUyVtlVAO3HNdzpS4sr4GBx4hxQ46s7ITtZrAsxG22+rVg==}
    engines: {node: '>= 18'}
    peerDependencies:
      '@octokit/core': '5'

  '@octokit/request-error@5.1.1':
    resolution: {integrity: sha512-v9iyEQJH6ZntoENr9/yXxjuezh4My67CBSu9r6Ve/05Iu5gNgnisNWOsoJHTP6k0Rr0+HQIpnH+kyammu90q/g==}
    engines: {node: '>= 18'}

  '@octokit/request-error@7.1.0':
    resolution: {integrity: sha512-KMQIfq5sOPpkQYajXHwnhjCC0slzCNScLHs9JafXc4RAJI+9f+jNDlBNaIMTvazOPLgb4BnlhGJOTbnN0wIjPw==}
    engines: {node: '>= 20'}

  '@octokit/request@10.0.7':
    resolution: {integrity: sha512-v93h0i1yu4idj8qFPZwjehoJx4j3Ntn+JhXsdJrG9pYaX6j/XRz2RmasMUHtNgQD39nrv/VwTWSqK0RNXR8upA==}
    engines: {node: '>= 20'}

  '@octokit/request@8.4.1':
    resolution: {integrity: sha512-qnB2+SY3hkCmBxZsR/MPCybNmbJe4KAlfWErXq+rBKkQJlbjdJeS85VI9r8UqeLYLvnAenU8Q1okM/0MBsAGXw==}
    engines: {node: '>= 18'}

  '@octokit/types@12.6.0':
    resolution: {integrity: sha512-1rhSOfRa6H9w4YwK0yrf5faDaDTb+yLyBUKOCV4xtCDB5VmIPqd/v9yr9o6SAzOAlRxMiRiCic6JVM1/kunVkw==}

  '@octokit/types@13.10.0':
    resolution: {integrity: sha512-ifLaO34EbbPj0Xgro4G5lP5asESjwHracYJvVaPIyXMuiuXLlhic3S47cBdTb+jfODkTE5YtGCLt3Ay3+J97sA==}

  '@octokit/types@16.0.0':
    resolution: {integrity: sha512-sKq+9r1Mm4efXW1FCk7hFSeJo4QKreL/tTbR0rz/qx/r1Oa2VV83LTA/H/MuCOX7uCIJmQVRKBcbmWoySjAnSg==}

  '@samkirkland/ftp-deploy@1.2.5':
    resolution: {integrity: sha512-UZJKpb46FOGLmjgLiQDmzU/3zZUP1ckCaJG6xaHQ1igAGydLm6ctYmQO9gupJYs3HzEYkLXzU5AZGOb4RuHTjw==}
    hasBin: true

  '@types/minimatch@3.0.5':
    resolution: {integrity: sha512-Klz949h02Gz2uZCMGwDUSDS1YBlTdDDgbWHi+81l29tQALUtvz4rAYi5uoVhE5Lagoq6DeqAUlbrHvW/mXDgdQ==}

  '@types/node@20.19.25':
    resolution: {integrity: sha512-ZsJzA5thDQMSQO788d7IocwwQbI8B5OPzmqNvpf3NY/+MHDAS759Wo0gd2WQeXYt5AAAQjzcrTVC6SKCuYgoCQ==}

  '@vercel/ncc@0.38.4':
    resolution: {integrity: sha512-8LwjnlP39s08C08J5NstzriPvW1SP8Zfpp1BvC2sI35kPeZnHfxVkCwu4/+Wodgnd60UtT1n8K8zw+Mp7J9JmQ==}
    hasBin: true

  '@void-fs/kit@0.0.1-beta.18':
    resolution: {integrity: sha512-/5Woz0Q4xGBdhpPRXWOTx9LFroDpSviG446elhADMDDr04RIwzIrq76LKNuHyExs9A0yv/936FGTFWU4MgfhYw==}
    engines: {node: '>=18'}

  acorn@8.15.0:
    resolution: {integrity: sha512-NZyJarBfL7nWwIq+FDL6Zp/yHEhePMNnnJ0y3qfieCrmNvYct8uvtiV41UvlSe6apAfk0fY1FbWx+NwfmpvtTg==}
    engines: {node: '>=0.4.0'}
    hasBin: true

  ansi-regex@5.0.1:
    resolution: {integrity: sha512-quJQXlTSUGL2LH9SUXo8VwsY4soanhgo6LNSm84E1LBcE8s3O0wpdiRzyR9z/ZZJMlMWv37qOOb9pdJlMUEKFQ==}
    engines: {node: '>=8'}

  ansi-regex@6.2.2:
    resolution: {integrity: sha512-Bq3SmSpyFHaWjPk8If9yc6svM8c56dB5BAtW4Qbw5jHTwwXXcTLoRMkpDJp6VL0XzlWaCHTXrkFURMYmD0sLqg==}
    engines: {node: '>=12'}

  ansi-styles@4.3.0:
    resolution: {integrity: sha512-zbB9rCJAT1rbjiVDb2hqKFHNYLxgtk8NURxZ3IZwD3F6NtxbXZQCnnSi1Lkx+IDohdPlFp222wVALIheZJQSEg==}
    engines: {node: '>=8'}

  ansis@4.2.0:
    resolution: {integrity: sha512-HqZ5rWlFjGiV0tDm3UxxgNRqsOTniqoKZu0pIAfh7TZQMGuZK+hH0drySty0si0QXj1ieop4+SkSfPZBPPkHig==}
    engines: {node: '>=14'}

  args-tokenizer@0.3.0:
    resolution: {integrity: sha512-xXAd7G2Mll5W8uo37GETpQ2VrE84M181Z7ugHFGQnJZ50M2mbOv0osSZ9VsSgPfJQ+LVG0prSi0th+ELMsno7Q==}

  array-differ@3.0.0:
    resolution: {integrity: sha512-THtfYS6KtME/yIAhKjZ2ul7XI96lQGHRputJQHO80LAWQnuGP4iCIN8vdMRboGbIEYBwU33q8Tch1os2+X0kMg==}
    engines: {node: '>=8'}

  array-union@2.1.0:
    resolution: {integrity: sha512-HGyxoOTYUyCM6stUe6EJgnd4EoewAI7zMdfqO+kGjnlZmBDz/cR5pf8r/cR4Wq60sL/p0IkcjUEEPwS3GFrIyw==}
    engines: {node: '>=8'}

  arrify@2.0.1:
    resolution: {integrity: sha512-3duEwti880xqi4eAMN8AyR4a0ByT90zoYdLlevfrvU43vb0YZwZVfxOgxWrLXXXpyugL0hNZc9G6BiB5B3nUug==}
    engines: {node: '>=8'}

  balanced-match@1.0.2:
    resolution: {integrity: sha512-3oSeUO0TMV67hN1AmbXsK4yaqU7tjiHlbxRDZOpH0KW9+CeX4bRAaX0Anxt0tx2MrpRpWwQaPwIlISEJhYU5Pw==}

  basic-ftp@5.0.5:
    resolution: {integrity: sha512-4Bcg1P8xhUuqcii/S0Z9wiHIrQVPMermM1any+MX5GeGD7faD3/msQUDGLol9wOcz4/jbg/WJnGqoJF6LiBdtg==}
    engines: {node: '>=10.0.0'}

  before-after-hook@2.2.3:
    resolution: {integrity: sha512-NzUnlZexiaH/46WDhANlyR2bXRopNg4F/zuSA3OpZnllCUgRaOF2znDioDWrmbNVsuZk6l9pMquQB38cfBZwkQ==}

  before-after-hook@4.0.0:
    resolution: {integrity: sha512-q6tR3RPqIB1pMiTRMFcZwuG5T8vwp+vUvEG0vuI6B+Rikh5BfPp2fQ82c925FOs+b0lcFQ8CFrL+KbilfZFhOQ==}

  brace-expansion@1.1.12:
    resolution: {integrity: sha512-9T9UjW3r0UW5c1Q7GTwllptXwhvYmEzFhzMfZ9H7FQWt+uZePjZPjBP/W1ZEyZ1twGWom5/56TF4lPcqjnDHcg==}

  bumpp@10.3.1:
    resolution: {integrity: sha512-cOKPRFCWvHcYPJQAHN6V7Jp/wAfnyqQRXQ+2fgWIL6Gao20rpu7xQ1cGGo1APOfmbQmmHngEPg9Fy7nJ3giRkQ==}
    engines: {node: '>=18'}
    hasBin: true

  bundle-name@4.1.0:
    resolution: {integrity: sha512-tjwM5exMg6BGRI+kNmTntNsvdZS1X8BFYS6tnJ2hdH0kVxM6/eVZ2xy+FqStSWvYmtfFMDLIxurorHwDKfDz5Q==}
    engines: {node: '>=18'}

  c12@3.3.2:
    resolution: {integrity: sha512-QkikB2X5voO1okL3QsES0N690Sn/K9WokXqUsDQsWy5SnYb+psYQFGA10iy1bZHj3fjISKsI67Q90gruvWWM3A==}
    peerDependencies:
      magicast: '*'
    peerDependenciesMeta:
      magicast:
        optional: true

  cac@6.7.14:
    resolution: {integrity: sha512-b6Ilus+c3RrdDk+JhLKUAQfzzgLEPy6wcXqS7f/xe1EETvsDP6GORG7SFuOs6cID5YkqchW/LXZbX5bc8j7ZcQ==}
    engines: {node: '>=8'}

  chalk@5.6.2:
    resolution: {integrity: sha512-7NzBL0rN6fMUW+f7A6Io4h40qQlG+xGmtMxfbnH/K7TAtt8JQWVQK+6g0UXKMeVJoyV5EkkNsErQ8pVD3bLHbA==}
    engines: {node: ^12.17.0 || ^14.13 || >=16.0.0}

  changelogen@0.6.2:
    resolution: {integrity: sha512-QtC7+r9BxoUm+XDAwhLbz3CgU134J1ytfE3iCpLpA4KFzX2P1e6s21RrWDwUBzfx66b1Rv+6lOA2nS2btprd+A==}
    hasBin: true

  chokidar@4.0.3:
    resolution: {integrity: sha512-Qgzu8kfBvo+cA4962jnP1KkS6Dop5NS6g7R5LFYJr4b8Ub94PPQXUksCw9PvXoeXPRRddRNC5C1JQUR2SMGtnA==}
    engines: {node: '>= 14.16.0'}

  citty@0.1.6:
    resolution: {integrity: sha512-tskPPKEs8D2KPafUypv2gxwJP8h/OaJmC82QQGGDQcHvXX43xF2VDACcJVmZ0EuSxkpO9Kc4MlrA3q0+FG58AQ==}

  cli-cursor@5.0.0:
    resolution: {integrity: sha512-aCj4O5wKyszjMmDT4tZj93kxyydN/K5zPWSCe6/0AV/AA1pqe5ZBIw0a2ZfPQV7lL5/yb5HsUreJ6UFAF1tEQw==}
    engines: {node: '>=18'}

  cli-spinners@2.9.2:
    resolution: {integrity: sha512-ywqV+5MmyL4E7ybXgKys4DugZbX0FC6LnwrhjuykIjnK9k8OQacQ7axGKnjDXWNhns0xot3bZI5h55H8yo9cJg==}
    engines: {node: '>=6'}

  cliui@8.0.1:
    resolution: {integrity: sha512-BSeNnyus75C4//NQ9gQt1/csTXyo/8Sb+afLAkzAptFuMsod9HFokGNudZpi/oQV73hnVK+sR+5PVRMd+Dr7YQ==}
    engines: {node: '>=12'}

  color-convert@2.0.1:
    resolution: {integrity: sha512-RRECPsj7iu/xb5oKYcsFHSppFNnsj/52OVTRKb4zP5onXwVF3zVmmToNcOfGC+CRDpfK/U584fMg38ZHCaElKQ==}
    engines: {node: '>=7.0.0'}

  color-name@1.1.4:
    resolution: {integrity: sha512-dOy+3AuW3a2wNbZHIuMZpTcgjGuLU/uBL/ubcZF9OXbDo8ff4O8yVp5Bf0efS8uEoYo5q4Fx7dY9OgQGXgAsQA==}

  concat-map@0.0.1:
    resolution: {integrity: sha512-/Srv4dswyQNBfohGpz9o6Yb3Gz3SrUDqBH5rTuhGR7ahtlbYKnVxw2bCFMRljaA7EXHaXZ8wsHdodFvbkhKmqg==}

  confbox@0.1.8:
    resolution: {integrity: sha512-RMtmw0iFkeR4YV+fUOSucriAQNb9g8zFR52MWCtl+cCZOFRNL6zeB395vPzFhEjjn4fMxXudmELnl/KF/WrK6w==}

  confbox@0.2.2:
    resolution: {integrity: sha512-1NB+BKqhtNipMsov4xI/NnhCKp9XG9NamYp5PVm9klAT0fsrNPjaFICsCFhNhwZJKNh7zB/3q8qXz0E9oaMNtQ==}

  consola@3.4.2:
    resolution: {integrity: sha512-5IKcdX0nnYavi6G7TtOhwkYzyjfJlatbjMjuLSfE2kYT5pMDOilZ4OvMhi637CcDICTmz3wARPoyhqyX1Y+XvA==}
    engines: {node: ^14.18.0 || >=16.10.0}

  convert-gitmoji@0.1.5:
    resolution: {integrity: sha512-4wqOafJdk2tqZC++cjcbGcaJ13BZ3kwldf06PTiAQRAB76Z1KJwZNL1SaRZMi2w1FM9RYTgZ6QErS8NUl/GBmQ==}

  default-browser-id@5.0.1:
    resolution: {integrity: sha512-x1VCxdX4t+8wVfd1so/9w+vQ4vx7lKd2Qp5tDRutErwmR85OgmfX7RlLRMWafRMY7hbEiXIbudNrjOAPa/hL8Q==}
    engines: {node: '>=18'}

  default-browser@5.4.0:
    resolution: {integrity: sha512-XDuvSq38Hr1MdN47EDvYtx3U0MTqpCEn+F6ft8z2vYDzMrvQhVp0ui9oQdqW3MvK3vqUETglt1tVGgjLuJ5izg==}
    engines: {node: '>=18'}

  define-lazy-prop@3.0.0:
    resolution: {integrity: sha512-N+MeXYoqr3pOgn8xfyRPREN7gHakLYjhsHhWGT3fWAiL4IkAt0iDw14QiiEm2bE30c5XX5q0FtAA3CK5f9/BUg==}
    engines: {node: '>=12'}

  defu@6.1.4:
    resolution: {integrity: sha512-mEQCMmwJu317oSz8CwdIOdwf3xMif1ttiM8LTufzc3g6kR+9Pe236twL8j3IYT1F7GfRgGcW6MWxzZjLIkuHIg==}

  deprecation@2.3.1:
    resolution: {integrity: sha512-xmHIy4F3scKVwMsQ4WnVaS8bHOx0DmVwRywosKhaILI0ywMDWPtBSku2HNxRvF7jtwDRsoEwYQSfbxj8b7RlJQ==}

  destr@2.0.5:
    resolution: {integrity: sha512-ugFTXCtDZunbzasqBxrK93Ik/DRYsO6S/fedkWEMKqt04xZ4csmnmwGDBAb07QWNaGMAmnTIemsYZCksjATwsA==}

  dotenv@17.2.3:
    resolution: {integrity: sha512-JVUnt+DUIzu87TABbhPmNfVdBDt18BLOWjMUFJMSi/Qqg7NTYtabbvSNJGOJ7afbRuv9D/lngizHtP7QyLQ+9w==}
    engines: {node: '>=12'}

  emoji-regex@10.6.0:
    resolution: {integrity: sha512-toUI84YS5YmxW219erniWD0CIVOo46xGKColeNQRgOzDorgBi1v4D71/OFzgD9GO2UGKIv1C3Sp8DAn0+j5w7A==}

  emoji-regex@8.0.0:
    resolution: {integrity: sha512-MSjYzcWNOA0ewAHpz0MxpYFvwg6yjy1NG3xteoqz644VCo/RPgnr1/GGt+ic3iJTzQ8Eu3TdM14SawnVUmGE6A==}

  escalade@3.2.0:
    resolution: {integrity: sha512-WUj2qlxaQtO4g6Pq5c29GTcWGDyd8itL8zTlipgECz3JesAiiOKotd8JU6otB3PACgG6xkJUyVhboMS+bje/jA==}
    engines: {node: '>=6'}

  esconf@0.5.1:
    resolution: {integrity: sha512-fWOyN5qU2G60Ys2i0lWkxYRej/jAQJX4Xp7B5m+JjSx2KVo/D9NyqiOugV38lCrzFoKQo9Hjsmb3V6eb+YLrOg==}
    engines: {node: '>=18'}

  exsolve@1.0.8:
    resolution: {integrity: sha512-LmDxfWXwcTArk8fUEnOfSZpHOJ6zOMUJKOtFLFqJLoKJetuQG874Uc7/Kki7zFLzYybmZhp1M7+98pfMqeX8yA==}

  fast-content-type-parse@3.0.0:
    resolution: {integrity: sha512-ZvLdcY8P+N8mGQJahJV5G4U88CSvT1rP8ApL6uETe88MBXrBHAkZlSEySdUlyztF7ccb+Znos3TFqaepHxdhBg==}

  fdir@6.5.0:
    resolution: {integrity: sha512-tIbYtZbucOs0BRGqPJkshJUYdL+SDH7dVM8gjy+ERp3WAUjLEFJE+02kanyHtwjWOnwrKYBiwAmM0p4kLJAnXg==}
    engines: {node: '>=12.0.0'}
    peerDependencies:
      picomatch: ^3 || ^4
    peerDependenciesMeta:
      picomatch:
        optional: true

  get-caller-file@2.0.5:
    resolution: {integrity: sha512-DyFP3BM/3YHTQOCUL/w0OZHR0lpKeGrxotcHWcqNEdnltqFwXVfhEBQ94eIo34AfQpo0rGki4cyIiftY06h2Fg==}
    engines: {node: 6.* || 8.* || >= 10.*}

  get-east-asian-width@1.4.0:
    resolution: {integrity: sha512-QZjmEOC+IT1uk6Rx0sX22V6uHWVwbdbxf1faPqJ1QhLdGgsRGCZoyaQBm/piRdJy/D2um6hM1UP7ZEeQ4EkP+Q==}
    engines: {node: '>=18'}

  giget@2.0.0:
    resolution: {integrity: sha512-L5bGsVkxJbJgdnwyuheIunkGatUF/zssUoxxjACCseZYAVbaqdh9Tsmmlkl8vYan09H7sbvKt4pS8GqKLBrEzA==}
    hasBin: true

  glob-to-regexp@0.4.1:
    resolution: {integrity: sha512-lkX1HJXwyMcprw/5YUZc2s7DrpAiHB21/V+E1rHUrVNokkvB6bqMzT0VfV6/86ZNabt1k14YOIaT7nDvOX3Iiw==}

  is-docker@3.0.0:
    resolution: {integrity: sha512-eljcgEDlEns/7AXFosB5K/2nCM4P7FQPkGc/DWLy5rmFEWvZayGrik1d9/QIY5nJ4f9YsVvBkA6kJpHn9rISdQ==}
    engines: {node: ^12.20.0 || ^14.13.1 || >=16.0.0}
    hasBin: true

  is-fullwidth-code-point@3.0.0:
    resolution: {integrity: sha512-zymm5+u+sCsSWyD9qNaejV3DFvhCKclKdizYaJUuHA83RLjb7nSuGnddCHGv0hk+KY7BMAlsWeK4Ueg6EV6XQg==}
    engines: {node: '>=8'}

  is-inside-container@1.0.0:
    resolution: {integrity: sha512-KIYLCCJghfHZxqjYBE7rEy0OBuTd5xCHS7tHVgvCLkx7StIoaxwNW3hCALgEUjFfeRk+MG/Qxmp/vtETEF3tRA==}
    engines: {node: '>=14.16'}
    hasBin: true

  is-interactive@2.0.0:
    resolution: {integrity: sha512-qP1vozQRI+BMOPcjFzrjXuQvdak2pHNUMZoeG2eRbiSqyvbEf/wQtEOTOX1guk6E3t36RkaqiSt8A/6YElNxLQ==}
    engines: {node: '>=12'}

  is-unicode-supported@1.3.0:
    resolution: {integrity: sha512-43r2mRvz+8JRIKnWJ+3j8JtjRKZ6GmjzfaE/qiBJnikNnYv/6bagRJ1kUhNk8R5EX/GkobD+r+sfxCPJsiKBLQ==}
    engines: {node: '>=12'}

  is-unicode-supported@2.1.0:
    resolution: {integrity: sha512-mE00Gnza5EEB3Ds0HfMyllZzbBrmLOX3vfWoj9A9PEnTfratQ/BcaJOuMhnkhjXvb2+FkY3VuHqtAGpTPmglFQ==}
    engines: {node: '>=18'}

  is-wsl@3.1.0:
    resolution: {integrity: sha512-UcVfVfaK4Sc4m7X3dUSoHoozQGBEFeDC+zVo06t98xe8CzHSZZBekNXH+tu0NalHolcJ/QAGqS46Hef7QXBIMw==}
    engines: {node: '>=16'}

  jiti@2.6.1:
    resolution: {integrity: sha512-ekilCSN1jwRvIbgeg/57YFh8qQDNbwDb9xT/qu2DAHbFFZUicIl4ygVaAvzveMhMVr3LnpSKTNnwt8PoOfmKhQ==}
    hasBin: true

  jsonc-parser@3.3.1:
    resolution: {integrity: sha512-HUgH65KyejrUFPvHFPbqOY0rsFip3Bo5wb4ngvdi1EpCYWUQDC5V+Y7mZws+DLkr4M//zQJoanu1SP+87Dv1oQ==}

  lodash@4.17.21:
    resolution: {integrity: sha512-v2kDEe57lecTulaDIuNTPy3Ry4gLGJ6Z1O3vE1krgXZNrsQ+LFTGHVxVjcXPs17LhbZVGedAJv8XZ1tvj5FvSg==}

  log-symbols@6.0.0:
    resolution: {integrity: sha512-i24m8rpwhmPIS4zscNzK6MSEhk0DUWa/8iYQWxhffV8jkI4Phvs3F+quL5xvS0gdQR0FyTCMMH33Y78dDTzzIw==}
    engines: {node: '>=18'}

  mimic-function@5.0.1:
    resolution: {integrity: sha512-VP79XUPxV2CigYP3jWwAUFSku2aKqBH7uTAapFWCBqutsbmDo96KY5o8uh6U+/YSIn5OxJnXp73beVkpqMIGhA==}
    engines: {node: '>=18'}

  minimatch@3.1.2:
    resolution: {integrity: sha512-J7p63hRiAjw1NDEww1W7i37+ByIrOWO5XQQAzZ3VOcL0PNybwpfmV/N05zFAzwQ9USyEcX6t3UO+K5aqBQOIHw==}

  mlly@1.8.0:
    resolution: {integrity: sha512-l8D9ODSRWLe2KHJSifWGwBqpTZXIXTeo8mlKjY+E2HAakaTeNpqAyBZ8GSqLzHgw4XmHmC8whvpjJNMbFZN7/g==}

  mri@1.2.0:
    resolution: {integrity: sha512-tzzskb3bG8LvYGFF/mDTpq3jpI6Q9wc3LEmBaghu+DdCssd1FakN7Bc0hVNmEyGq1bq3RgfkCb3cmQLpNPOroA==}
    engines: {node: '>=4'}

  multimatch@5.0.0:
    resolution: {integrity: sha512-ypMKuglUrZUD99Tk2bUQ+xNQj43lPEfAeX2o9cTteAmShXy2VHDJpuwu1o0xqoKCt9jLVAvwyFKdLTPXKAfJyA==}
    engines: {node: '>=10'}

  node-fetch-native@1.6.7:
    resolution: {integrity: sha512-g9yhqoedzIUm0nTnTqAQvueMPVOuIY16bqgAJJC8XOOubYFNwz6IER9qs0Gq2Xd0+CecCKFjtdDTMA4u4xG06Q==}

  nypm@0.6.2:
    resolution: {integrity: sha512-7eM+hpOtrKrBDCh7Ypu2lJ9Z7PNZBdi/8AT3AX8xoCj43BBVHD0hPSTEvMtkMpfs8FCqBGhxB+uToIQimA111g==}
    engines: {node: ^14.16.0 || >=16.10.0}
    hasBin: true

  ofetch@1.5.1:
    resolution: {integrity: sha512-2W4oUZlVaqAPAil6FUg/difl6YhqhUR7x2eZY4bQCko22UXg3hptq9KLQdqFClV+Wu85UX7hNtdGTngi/1BxcA==}

  ohash@2.0.11:
    resolution: {integrity: sha512-RdR9FQrFwNBNXAr4GixM8YaRZRJ5PUWbKYbE5eOsrwAjJW0q2REGcf79oYPsLyskQCZG1PLN+S/K1V00joZAoQ==}

  once@1.4.0:
    resolution: {integrity: sha512-lNaJgI+2Q5URQBkccEKHTQOPaXdUxnZZElQTZY0MFUAuaEqe1E+Nyvgdz/aIyNi6Z9MzO5dv1H8n58/GELp3+w==}

  onetime@7.0.0:
    resolution: {integrity: sha512-VXJjc87FScF88uafS3JllDgvAm+c/Slfz06lorj2uAY34rlUu0Nt+v8wreiImcrgAjjIHp1rXpTDlLOGw29WwQ==}
    engines: {node: '>=18'}

  open@10.2.0:
    resolution: {integrity: sha512-YgBpdJHPyQ2UE5x+hlSXcnejzAvD0b22U2OuAP+8OnlJT+PjWPxtgmGqKKc+RgTM63U9gN0YzrYc71R2WT/hTA==}
    engines: {node: '>=18'}

  ora@8.2.0:
    resolution: {integrity: sha512-weP+BZ8MVNnlCm8c0Qdc1WSWq4Qn7I+9CJGm7Qali6g44e/PUzbjNqJX5NJ9ljlNMosfJvg1fKEGILklK9cwnw==}
    engines: {node: '>=18'}

  package-manager-detector@1.5.0:
    resolution: {integrity: sha512-uBj69dVlYe/+wxj8JOpr97XfsxH/eumMt6HqjNTmJDf/6NO9s+0uxeOneIz3AsPt2m6y9PqzDzd3ATcU17MNfw==}

  parse-ms@2.1.0:
    resolution: {integrity: sha512-kHt7kzLoS9VBZfUsiKjv43mr91ea+U05EyKkEtqp7vNbHxmaVuEqN7XxeEVnGrMtYOAxGrDElSi96K7EgO1zCA==}
    engines: {node: '>=6'}

  pathe@1.1.2:
    resolution: {integrity: sha512-whLdWMYL2TwI08hn8/ZqAbrVemu0LNaNNJZX73O6qaIdCTfXutsLhMkjdENX0qhsQ9uIimo4/aQOmXkoon2nDQ==}

  pathe@2.0.3:
    resolution: {integrity: sha512-WUjGcAqP1gQacoQe+OBJsFA7Ld4DyXuUIjZ5cc75cLHvJ7dtNsTugphxIADwspS+AraAUePCKrSVtPLFj/F88w==}

  perfect-debounce@1.0.0:
    resolution: {integrity: sha512-xCy9V055GLEqoFaHoC1SoLIaLmWctgCUaBaWxDZ7/Zx4CTyX7cJQLJOok/orfjZAh9kEYpjJa4d0KcJmCbctZA==}

  perfect-debounce@2.0.0:
    resolution: {integrity: sha512-fkEH/OBiKrqqI/yIgjR92lMfs2K8105zt/VT6+7eTjNwisrsh47CeIED9z58zI7DfKdH3uHAn25ziRZn3kgAow==}

  picomatch@4.0.3:
    resolution: {integrity: sha512-5gTmgEY/sqK6gFXLIsQNH19lWb4ebPDLA4SdLP7dsWkIXHWlG66oPuVvXSGFPppYZz8ZDZq0dYYrbHfBCVUb1Q==}
    engines: {node: '>=12'}

  pkg-types@1.3.1:
    resolution: {integrity: sha512-/Jm5M4RvtBFVkKWRu2BLUTNP8/M2a+UwuAX+ae4770q1qVGtfjG+WTCupoZixokjmHiry8uI+dlY8KXYV5HVVQ==}

  pkg-types@2.3.0:
    resolution: {integrity: sha512-SIqCzDRg0s9npO5XQ3tNZioRY1uK06lA41ynBC1YmFTmnY6FjUjVt6s4LoADmwoig1qqD0oK8h1p/8mlMx8Oig==}

  pretty-bytes@5.6.0:
    resolution: {integrity: sha512-FFw039TmrBqFK8ma/7OL3sDz/VytdtJr044/QUJtH0wK9lb9jLq9tJyIxUwtQJHwar2BqtiA4iCWSwo9JLkzFg==}
    engines: {node: '>=6'}

  pretty-ms@7.0.1:
    resolution: {integrity: sha512-973driJZvxiGOQ5ONsFhOF/DtzPMOMtgC11kCpUrPGMTgqp2q/1gwzCquocrN33is0VZ5GFHXZYMM9l6h67v2Q==}
    engines: {node: '>=10'}

  rc9@2.1.2:
    resolution: {integrity: sha512-btXCnMmRIBINM2LDZoEmOogIZU7Qe7zn4BpomSKZ/ykbLObuBdvG+mFq11DL6fjH1DRwHhrlgtYWG96bJiC7Cg==}

  readdir-enhanced@6.0.4:
    resolution: {integrity: sha512-MWY048D/nEpHwqdnsBiUxpqjJPkEw2i2RmY5gM2Gadn0rkHS/DhUBqrYTkOqKHF4RoUlYZZ8GnP4ymlRGuo30A==}
    engines: {node: '>=10'}

  readdirp@4.1.2:
    resolution: {integrity: sha512-GDhwkLfywWL2s6vEjyhri+eXmfH6j1L7JE27WhqLeYzoh/A3DBaYGEj2H/HFZCn/kMfim73FXxEJTw06WtxQwg==}
    engines: {node: '>= 14.18.0'}

  require-directory@2.1.1:
    resolution: {integrity: sha512-fGxEI7+wsG9xrvdjsrlmL22OMTTiHRwAMroiEeMgq8gzoLC/PQr7RsRDSTLUg/bZAZtF+TVIkHc6/4RIKrui+Q==}
    engines: {node: '>=0.10.0'}

  restore-cursor@5.1.0:
    resolution: {integrity: sha512-oMA2dcrw6u0YfxJQXm342bFKX/E4sG9rbTzO9ptUcR/e8A33cHuvStiYOwH7fszkZlZ1z/ta9AAoPk2F4qIOHA==}
    engines: {node: '>=18'}

  run-applescript@7.1.0:
    resolution: {integrity: sha512-DPe5pVFaAsinSaV6QjQ6gdiedWDcRCbUuiQfQa2wmWV7+xC9bGulGI8+TdRmoFkAPaBXk8CrAbnlY2ISniJ47Q==}
    engines: {node: '>=18'}

  scule@1.3.0:
    resolution: {integrity: sha512-6FtHJEvt+pVMIB9IBY+IcCJ6Z5f1iQnytgyfKMhDKgmzYG+TeH/wx1y3l27rshSbLiSanrR9ffZDrEsmjlQF2g==}

  semver@7.7.3:
    resolution: {integrity: sha512-SdsKMrI9TdgjdweUSR9MweHA4EJ8YxHn8DFaDisvhVlUOe4BF1tLD7GAj0lIqWVl+dPb/rExr0Btby5loQm20Q==}
    engines: {node: '>=10'}
    hasBin: true

  signal-exit@4.1.0:
    resolution: {integrity: sha512-bzyZ1e88w9O1iNJbKnOlvYTrWPDl46O1bG0D3XInv+9tkPrxrN8jUUTiFlDkkmKWgn1M6CfIA13SuGqOa9Korw==}
    engines: {node: '>=14'}

  std-env@3.10.0:
    resolution: {integrity: sha512-5GS12FdOZNliM5mAOxFRg7Ir0pWz8MdpYm6AY6VPkGpbA7ZzmbzNcBJQ0GPvvyWgcY7QAhCgf9Uy89I03faLkg==}

  stdin-discarder@0.2.2:
    resolution: {integrity: sha512-UhDfHmA92YAlNnCfhmq0VeNL5bDbiZGg7sZ2IvPsXubGkiNa9EC+tUTsjBRsYUAz87btI6/1wf4XoVvQ3uRnmQ==}
    engines: {node: '>=18'}

  string-width@4.2.3:
    resolution: {integrity: sha512-wKyQRQpjJ0sIp62ErSZdGsjMJWsap5oRNihHhu6G7JVO/9jIB6UyevL+tXuOqrng8j/cxKTWyWUwvSTriiZz/g==}
    engines: {node: '>=8'}

  string-width@7.2.0:
    resolution: {integrity: sha512-tsaTIkKW9b4N+AEj+SVA+WhJzV7/zMhcSu78mLKWSk7cXMOSHsBKFWUs0fWwq8QyK3MgJBQRX6Gbi4kYbdvGkQ==}
    engines: {node: '>=18'}

  strip-ansi@6.0.1:
    resolution: {integrity: sha512-Y38VPSHcqkFrCpFnQ9vuSXmquuv5oXOKpGeT6aGrr3o3Gc9AlVa6JBfUSOCnbxGGZF+/0ooI7KrPuUSztUdU5A==}
    engines: {node: '>=8'}

  strip-ansi@7.1.2:
    resolution: {integrity: sha512-gmBGslpoQJtgnMAvOVqGZpEz9dyoKTCzy2nfz/n8aIFhN/jCE/rCmcxabB6jOOHV+0WNnylOxaxBQPSvcWklhA==}
    engines: {node: '>=12'}

  tinyexec@1.0.2:
    resolution: {integrity: sha512-W/KYk+NFhkmsYpuHq5JykngiOCnxeVL8v8dFnqxSD8qEEdRfXk1SDM6JzNqcERbcGYj9tMrDQBYV9cjgnunFIg==}
    engines: {node: '>=18'}

  tinyglobby@0.2.15:
    resolution: {integrity: sha512-j2Zq4NyQYG5XMST4cbs02Ak8iJUdxRM0XI5QyxXuZOzKOINmWurp3smXu3y5wDcJrptwpSjgXHzIQxR0omXljQ==}
    engines: {node: '>=12.0.0'}

  tunnel@0.0.6:
    resolution: {integrity: sha512-1h/Lnq9yajKY2PEbBadPXj3VxsDDu844OnaAo52UVmIzIvwwtBPIuNvkjuzBlTWpfJyUbG3ez0KSBibQkj4ojg==}
    engines: {node: '>=0.6.11 <=0.7.0 || >=0.7.3'}

  typescript@5.9.3:
    resolution: {integrity: sha512-jl1vZzPDinLr9eUt3J/t7V6FgNEw9QjvBPdysz9KfQDD41fQrC2Y4vKQdiaUpFT4bXlb1RHhLpp8wtm6M5TgSw==}
    engines: {node: '>=14.17'}
    hasBin: true

  ufo@1.6.1:
    resolution: {integrity: sha512-9a4/uxlTWJ4+a5i0ooc1rU7C7YOw3wT+UGqdeNNHWnOF9qcMBgLRS+4IYUqbczewFx4mLEig6gawh7X6mFlEkA==}

  undici-types@6.21.0:
    resolution: {integrity: sha512-iwDZqg0QAGrg9Rav5H4n0M64c3mkR59cJ6wQp+7C4nI0gsmExaedaYLNO44eT4AtBBwjbTiGPMlt2Md0T9H9JQ==}

  undici@5.29.0:
    resolution: {integrity: sha512-raqeBD6NQK4SkWhQzeYKd1KmIG6dllBOTt55Rmkt4HtI9mwdWtJljnrXjAFUBLTSN67HWrOIZ3EPF4kjUw80Bg==}
    engines: {node: '>=14.0'}

  universal-user-agent@6.0.1:
    resolution: {integrity: sha512-yCzhz6FN2wU1NiiQRogkTQszlQSlpWaw8SvVegAc+bDxbzHgh1vX8uIe8OYyMH6DwH+sdTJsgMl36+mSMdRJIQ==}

  universal-user-agent@7.0.3:
    resolution: {integrity: sha512-TmnEAEAsBJVZM/AADELsK76llnwcf9vMKuPz8JflO1frO8Lchitr0fNaN9d+Ap0BjKtqWqd/J17qeDnXh8CL2A==}

  wrap-ansi@7.0.0:
    resolution: {integrity: sha512-YVGIj2kamLSTxw6NsZjoBxfSwsn0ycdesmc4p+Q21c5zPuZ1pl+NfxVdxPtdHvmNVOQ6XSYG4AUtyt/Fi7D16Q==}
    engines: {node: '>=10'}

  wrappy@1.0.2:
    resolution: {integrity: sha512-l4Sp/DRseor9wL6EvV2+TuQn63dMkPjZ/sp9XkghTEbV9KlPS1xUsZ3u7/IQO4wxtcFB4bgpQPRcR3QCvezPcQ==}

  wsl-utils@0.1.0:
    resolution: {integrity: sha512-h3Fbisa2nKGPxCpm89Hk33lBLsnaGBvctQopaBSOW/uIs6FTe1ATyAnKFJrzVs9vpGdsTe73WF3V4lIsk4Gacw==}
    engines: {node: '>=18'}

  y18n@5.0.8:
    resolution: {integrity: sha512-0pfFzegeDWJHJIAmTLRP2DwHjdF5s7jo9tuztdQxAhINCdvS+3nGINqPd00AphqJR/0LhANUS6/+7SCb98YOfA==}
    engines: {node: '>=10'}

  yaml@2.8.1:
    resolution: {integrity: sha512-lcYcMxX2PO9XMGvAJkJ3OsNMw+/7FKes7/hgerGUYWIoWu5j/+YQqcZr5JnPZWzOsEBgMbSbiSTn/dv/69Mkpw==}
    engines: {node: '>= 14.6'}
    hasBin: true

  yargs-parser@21.1.1:
    resolution: {integrity: sha512-tVpsJW7DdjecAiFpbIB1e3qxIQsE6NoPc5/eTdrbbIC4h0LVsWhnoa3g+m2HclBIujHzsxZ4VJVA+GUuc2/LBw==}
    engines: {node: '>=12'}

  yargs@17.7.2:
    resolution: {integrity: sha512-7dSzzRQ++CKnNI/krKnYRV7JKKPUXMEh61soaHKg9mrWEhzFWhFnxPxGl+69cD1Ou63C13NUPCnmIcrvqCuM6w==}
    engines: {node: '>=12'}

snapshots:

  '@actions/core@1.11.1':
    dependencies:
      '@actions/exec': 1.1.1
      '@actions/http-client': 2.2.3

  '@actions/exec@1.1.1':
    dependencies:
      '@actions/io': 1.1.3

  '@actions/github@6.0.1':
    dependencies:
      '@actions/http-client': 2.2.3
      '@octokit/core': 5.2.2
      '@octokit/plugin-paginate-rest': 9.2.2(@octokit/core@5.2.2)
      '@octokit/plugin-rest-endpoint-methods': 10.4.1(@octokit/core@5.2.2)
      '@octokit/request': 8.4.1
      '@octokit/request-error': 5.1.1
      undici: 5.29.0

  '@actions/http-client@2.2.3':
    dependencies:
      tunnel: 0.0.6
      undici: 5.29.0

  '@actions/io@1.1.3': {}

  '@esconf/core@0.5.1':
    dependencies:
      '@void-fs/kit': 0.0.1-beta.18
      chokidar: 4.0.3
      defu: 6.1.4
      pathe: 1.1.2
      perfect-debounce: 1.0.0

  '@esconf/preset-mini@0.5.1':
    dependencies:
      '@esconf/core': 0.5.1
      confbox: 0.1.8
      defu: 6.1.4
      jiti: 2.6.1
      pkg-types: 1.3.1
      rc9: 2.1.2

  '@fastify/busboy@2.1.1': {}

  '@jsdevtools/file-path-filter@3.0.2':
    dependencies:
      glob-to-regexp: 0.4.1

  '@jsdevtools/readdir-enhanced@6.0.4':
    dependencies:
      '@jsdevtools/file-path-filter': 3.0.2

  '@mznjs/mbump@1.0.6':
    dependencies:
      bumpp: 10.3.1
      cac: 6.7.14
      changelogen: 0.6.2
      consola: 3.4.2
      defu: 6.1.4
      esconf: 0.5.1
      ora: 8.2.0
      tinyglobby: 0.2.15
    transitivePeerDependencies:
      - magicast

  '@octokit/auth-token@4.0.0': {}

  '@octokit/auth-token@6.0.0': {}

  '@octokit/core@5.2.2':
    dependencies:
      '@octokit/auth-token': 4.0.0
      '@octokit/graphql': 7.1.1
      '@octokit/request': 8.4.1
      '@octokit/request-error': 5.1.1
      '@octokit/types': 13.10.0
      before-after-hook: 2.2.3
      universal-user-agent: 6.0.1

  '@octokit/core@7.0.6':
    dependencies:
      '@octokit/auth-token': 6.0.0
      '@octokit/graphql': 9.0.3
      '@octokit/request': 10.0.7
      '@octokit/request-error': 7.1.0
      '@octokit/types': 16.0.0
      before-after-hook: 4.0.0
      universal-user-agent: 7.0.3

  '@octokit/endpoint@11.0.2':
    dependencies:
      '@octokit/types': 16.0.0
      universal-user-agent: 7.0.3

  '@octokit/endpoint@9.0.6':
    dependencies:
      '@octokit/types': 13.10.0
      universal-user-agent: 6.0.1

  '@octokit/graphql@7.1.1':
    dependencies:
      '@octokit/request': 8.4.1
      '@octokit/types': 13.10.0
      universal-user-agent: 6.0.1

  '@octokit/graphql@9.0.3':
    dependencies:
      '@octokit/request': 10.0.7
      '@octokit/types': 16.0.0
      universal-user-agent: 7.0.3

  '@octokit/openapi-types@20.0.0': {}

  '@octokit/openapi-types@24.2.0': {}

  '@octokit/openapi-types@27.0.0': {}

  '@octokit/plugin-paginate-rest@9.2.2(@octokit/core@5.2.2)':
    dependencies:
      '@octokit/core': 5.2.2
      '@octokit/types': 12.6.0

  '@octokit/plugin-rest-endpoint-methods@10.4.1(@octokit/core@5.2.2)':
    dependencies:
      '@octokit/core': 5.2.2
      '@octokit/types': 12.6.0

  '@octokit/request-error@5.1.1':
    dependencies:
      '@octokit/types': 13.10.0
      deprecation: 2.3.1
      once: 1.4.0

  '@octokit/request-error@7.1.0':
    dependencies:
      '@octokit/types': 16.0.0

  '@octokit/request@10.0.7':
    dependencies:
      '@octokit/endpoint': 11.0.2
      '@octokit/request-error': 7.1.0
      '@octokit/types': 16.0.0
      fast-content-type-parse: 3.0.0
      universal-user-agent: 7.0.3

  '@octokit/request@8.4.1':
    dependencies:
      '@octokit/endpoint': 9.0.6
      '@octokit/request-error': 5.1.1
      '@octokit/types': 13.10.0
      universal-user-agent: 6.0.1

  '@octokit/types@12.6.0':
    dependencies:
      '@octokit/openapi-types': 20.0.0

  '@octokit/types@13.10.0':
    dependencies:
      '@octokit/openapi-types': 24.2.0

  '@octokit/types@16.0.0':
    dependencies:
      '@octokit/openapi-types': 27.0.0

  '@samkirkland/ftp-deploy@1.2.5':
    dependencies:
      basic-ftp: 5.0.5
      lodash: 4.17.21
      multimatch: 5.0.0
      pretty-bytes: 5.6.0
      pretty-ms: 7.0.1
      readdir-enhanced: 6.0.4
      yargs: 17.7.2

  '@types/minimatch@3.0.5': {}

  '@types/node@20.19.25':
    dependencies:
      undici-types: 6.21.0

  '@vercel/ncc@0.38.4': {}

  '@void-fs/kit@0.0.1-beta.18':
    dependencies:
      pathe: 1.1.2
      tinyglobby: 0.2.15

  acorn@8.15.0: {}

  ansi-regex@5.0.1: {}

  ansi-regex@6.2.2: {}

  ansi-styles@4.3.0:
    dependencies:
      color-convert: 2.0.1

  ansis@4.2.0: {}

  args-tokenizer@0.3.0: {}

  array-differ@3.0.0: {}

  array-union@2.1.0: {}

  arrify@2.0.1: {}

  balanced-match@1.0.2: {}

  basic-ftp@5.0.5: {}

  before-after-hook@2.2.3: {}

  before-after-hook@4.0.0: {}

  brace-expansion@1.1.12:
    dependencies:
      balanced-match: 1.0.2
      concat-map: 0.0.1

  bumpp@10.3.1:
    dependencies:
      ansis: 4.2.0
      args-tokenizer: 0.3.0
      c12: 3.3.2
      cac: 6.7.14
      escalade: 3.2.0
      jsonc-parser: 3.3.1
      package-manager-detector: 1.5.0
      semver: 7.7.3
      tinyexec: 1.0.2
      tinyglobby: 0.2.15
      yaml: 2.8.1
    transitivePeerDependencies:
      - magicast

  bundle-name@4.1.0:
    dependencies:
      run-applescript: 7.1.0

  c12@3.3.2:
    dependencies:
      chokidar: 4.0.3
      confbox: 0.2.2
      defu: 6.1.4
      dotenv: 17.2.3
      exsolve: 1.0.8
      giget: 2.0.0
      jiti: 2.6.1
      ohash: 2.0.11
      pathe: 2.0.3
      perfect-debounce: 2.0.0
      pkg-types: 2.3.0
      rc9: 2.1.2

  cac@6.7.14: {}

  chalk@5.6.2: {}

  changelogen@0.6.2:
    dependencies:
      c12: 3.3.2
      confbox: 0.2.2
      consola: 3.4.2
      convert-gitmoji: 0.1.5
      mri: 1.2.0
      node-fetch-native: 1.6.7
      ofetch: 1.5.1
      open: 10.2.0
      pathe: 2.0.3
      pkg-types: 2.3.0
      scule: 1.3.0
      semver: 7.7.3
      std-env: 3.10.0
    transitivePeerDependencies:
      - magicast

  chokidar@4.0.3:
    dependencies:
      readdirp: 4.1.2

  citty@0.1.6:
    dependencies:
      consola: 3.4.2

  cli-cursor@5.0.0:
    dependencies:
      restore-cursor: 5.1.0

  cli-spinners@2.9.2: {}

  cliui@8.0.1:
    dependencies:
      string-width: 4.2.3
      strip-ansi: 6.0.1
      wrap-ansi: 7.0.0

  color-convert@2.0.1:
    dependencies:
      color-name: 1.1.4

  color-name@1.1.4: {}

  concat-map@0.0.1: {}

  confbox@0.1.8: {}

  confbox@0.2.2: {}

  consola@3.4.2: {}

  convert-gitmoji@0.1.5: {}

  default-browser-id@5.0.1: {}

  default-browser@5.4.0:
    dependencies:
      bundle-name: 4.1.0
      default-browser-id: 5.0.1

  define-lazy-prop@3.0.0: {}

  defu@6.1.4: {}

  deprecation@2.3.1: {}

  destr@2.0.5: {}

  dotenv@17.2.3: {}

  emoji-regex@10.6.0: {}

  emoji-regex@8.0.0: {}

  escalade@3.2.0: {}

  esconf@0.5.1:
    dependencies:
      '@esconf/core': 0.5.1
      '@esconf/preset-mini': 0.5.1

  exsolve@1.0.8: {}

  fast-content-type-parse@3.0.0: {}

  fdir@6.5.0(picomatch@4.0.3):
    optionalDependencies:
      picomatch: 4.0.3

  get-caller-file@2.0.5: {}

  get-east-asian-width@1.4.0: {}

  giget@2.0.0:
    dependencies:
      citty: 0.1.6
      consola: 3.4.2
      defu: 6.1.4
      node-fetch-native: 1.6.7
      nypm: 0.6.2
      pathe: 2.0.3

  glob-to-regexp@0.4.1: {}

  is-docker@3.0.0: {}

  is-fullwidth-code-point@3.0.0: {}

  is-inside-container@1.0.0:
    dependencies:
      is-docker: 3.0.0

  is-interactive@2.0.0: {}

  is-unicode-supported@1.3.0: {}

  is-unicode-supported@2.1.0: {}

  is-wsl@3.1.0:
    dependencies:
      is-inside-container: 1.0.0

  jiti@2.6.1: {}

  jsonc-parser@3.3.1: {}

  lodash@4.17.21: {}

  log-symbols@6.0.0:
    dependencies:
      chalk: 5.6.2
      is-unicode-supported: 1.3.0

  mimic-function@5.0.1: {}

  minimatch@3.1.2:
    dependencies:
      brace-expansion: 1.1.12

  mlly@1.8.0:
    dependencies:
      acorn: 8.15.0
      pathe: 2.0.3
      pkg-types: 1.3.1
      ufo: 1.6.1

  mri@1.2.0: {}

  multimatch@5.0.0:
    dependencies:
      '@types/minimatch': 3.0.5
      array-differ: 3.0.0
      array-union: 2.1.0
      arrify: 2.0.1
      minimatch: 3.1.2

  node-fetch-native@1.6.7: {}

  nypm@0.6.2:
    dependencies:
      citty: 0.1.6
      consola: 3.4.2
      pathe: 2.0.3
      pkg-types: 2.3.0
      tinyexec: 1.0.2

  ofetch@1.5.1:
    dependencies:
      destr: 2.0.5
      node-fetch-native: 1.6.7
      ufo: 1.6.1

  ohash@2.0.11: {}

  once@1.4.0:
    dependencies:
      wrappy: 1.0.2

  onetime@7.0.0:
    dependencies:
      mimic-function: 5.0.1

  open@10.2.0:
    dependencies:
      default-browser: 5.4.0
      define-lazy-prop: 3.0.0
      is-inside-container: 1.0.0
      wsl-utils: 0.1.0

  ora@8.2.0:
    dependencies:
      chalk: 5.6.2
      cli-cursor: 5.0.0
      cli-spinners: 2.9.2
      is-interactive: 2.0.0
      is-unicode-supported: 2.1.0
      log-symbols: 6.0.0
      stdin-discarder: 0.2.2
      string-width: 7.2.0
      strip-ansi: 7.1.2

  package-manager-detector@1.5.0: {}

  parse-ms@2.1.0: {}

  pathe@1.1.2: {}

  pathe@2.0.3: {}

  perfect-debounce@1.0.0: {}

  perfect-debounce@2.0.0: {}

  picomatch@4.0.3: {}

  pkg-types@1.3.1:
    dependencies:
      confbox: 0.1.8
      mlly: 1.8.0
      pathe: 2.0.3

  pkg-types@2.3.0:
    dependencies:
      confbox: 0.2.2
      exsolve: 1.0.8
      pathe: 2.0.3

  pretty-bytes@5.6.0: {}

  pretty-ms@7.0.1:
    dependencies:
      parse-ms: 2.1.0

  rc9@2.1.2:
    dependencies:
      defu: 6.1.4
      destr: 2.0.5

  readdir-enhanced@6.0.4:
    dependencies:
      '@jsdevtools/readdir-enhanced': 6.0.4

  readdirp@4.1.2: {}

  require-directory@2.1.1: {}

  restore-cursor@5.1.0:
    dependencies:
      onetime: 7.0.0
      signal-exit: 4.1.0

  run-applescript@7.1.0: {}

  scule@1.3.0: {}

  semver@7.7.3: {}

  signal-exit@4.1.0: {}

  std-env@3.10.0: {}

  stdin-discarder@0.2.2: {}

  string-width@4.2.3:
    dependencies:
      emoji-regex: 8.0.0
      is-fullwidth-code-point: 3.0.0
      strip-ansi: 6.0.1

  string-width@7.2.0:
    dependencies:
      emoji-regex: 10.6.0
      get-east-asian-width: 1.4.0
      strip-ansi: 7.1.2

  strip-ansi@6.0.1:
    dependencies:
      ansi-regex: 5.0.1

  strip-ansi@7.1.2:
    dependencies:
      ansi-regex: 6.2.2

  tinyexec@1.0.2: {}

  tinyglobby@0.2.15:
    dependencies:
      fdir: 6.5.0(picomatch@4.0.3)
      picomatch: 4.0.3

  tunnel@0.0.6: {}

  typescript@5.9.3: {}

  ufo@1.6.1: {}

  undici-types@6.21.0: {}

  undici@5.29.0:
    dependencies:
      '@fastify/busboy': 2.1.1

  universal-user-agent@6.0.1: {}

  universal-user-agent@7.0.3: {}

  wrap-ansi@7.0.0:
    dependencies:
      ansi-styles: 4.3.0
      string-width: 4.2.3
      strip-ansi: 6.0.1

  wrappy@1.0.2: {}

  wsl-utils@0.1.0:
    dependencies:
      is-wsl: 3.1.0

  y18n@5.0.8: {}

  yaml@2.8.1: {}

  yargs-parser@21.1.1: {}

  yargs@17.7.2:
    dependencies:
      cliui: 8.0.1
      escalade: 3.2.0
      get-caller-file: 2.0.5
      require-directory: 2.1.1
      string-width: 4.2.3
      y18n: 5.0.8
      yargs-parser: 21.1.1
